{
  "version": 4,
  "terraform_version": "1.2.9",
  "serial": 5,
  "lineage": "1745783c-0144-92f5-df2f-dcf1b994ec53",
  "outputs": {},
  "resources": [
    {
      "module": "module.environment",
      "mode": "managed",
      "type": "local_file",
      "name": "bar",
      "provider": "provider[\"registry.terraform.io/hashicorp/local\"]",
      "instances": [
        {
          "index_key": 0,
          "schema_version": 0,
          "attributes": {
            "content": "bar!",
            "content_base64": null,
            "directory_permission": "0777",
            "file_permission": "0777",
            "filename": "./bar.txt",
            "id": "3811e1a645e5371113584e6d18ff4843378ae590",
            "sensitive_content": null,
            "source": null
          },
          "sensitive_attributes": [],
          "private": "bnVsbA=="
        }
      ]
    },
    {
      "module": "module.environment",
      "mode": "managed",
      "type": "local_file",
      "name": "foo",
      "provider": "provider[\"registry.terraform.io/hashicorp/local\"]",
      "instances": [
        {
          "index_key": 0,
          "schema_version": 0,
          "attributes": {
            "content": "foo!",
            "content_base64": null,
            "directory_permission": "0777",
            "file_permission": "0777",
            "filename": "./foo.txt",
            "id": "4bf3e335199107182c6f7638efaad377acc7f452",
            "sensitive_content": null,
            "source": null
          },
          "sensitive_attributes": [],
          "private": "bnVsbA=="
        }
      ]
    }
  ]
}
